
Microsoft Visual Studio Solution File, Format Version 12.00
# Visual Studio Version 17
VisualStudioVersion = 17.13.35931.197 d17.13
MinimumVisualStudioVersion = 10.0.40219.1
Project("{FAE04EC0-301F-11D3-BF4B-00C04F79EFBC}") = "bex.test.country.api", "bex.test.country.api.csproj", "{7EB0C3E1-3544-4BE3-92E3-E1193397BAD5}"
EndProject
Global
	GlobalSection(SolutionConfigurationPlatforms) = preSolution
		Debug|Any CPU = Debug|Any CPU
		Release|Any CPU = Release|Any CPU
	EndGlobalSection
	GlobalSection(ProjectConfigurationPlatforms) = postSolution
		{7EB0C3E1-3544-4BE3-92E3-E1193397BAD5}.Debug|Any CPU.ActiveCfg = Debug|Any CPU
		{7EB0C3E1-3544-4BE3-92E3-E1193397BAD5}.Debug|Any CPU.Build.0 = Debug|Any CPU
		{7EB0C3E1-3544-4BE3-92E3-E1193397BAD5}.Release|Any CPU.ActiveCfg = Release|Any CPU
		{7EB0C3E1-3544-4BE3-92E3-E1193397BAD5}.Release|Any CPU.Build.0 = Release|Any CPU
	EndGlobalSection
	GlobalSection(SolutionProperties) = preSolution
		HideSolutionNode = FALSE
	EndGlobalSection
	GlobalSection(ExtensibilityGlobals) = postSolution
		SolutionGuid = {DBE0C312-423A-4105-908A-7B8D7AA15D7D}
	EndGlobalSection
EndGlobal
